{
  "name": "client",
  "version": "1.0.0",
  "lockfileVersion": 3,
  "requires": true,
  "packages": {
    "": {
      "name": "client",
      "version": "1.0.0",
      "dependencies": {
        "tooloud": "^2.0.4"
      }
    },
    "node_modules/tooloud": {
      "version": "2.0.4",
      "resolved": "https://registry.npmjs.org/tooloud/-/tooloud-2.0.4.tgz",
      "integrity": "sha512-54LuvIiX+8TBs3AH7f/dUmrUEO9E9aT4WY9KvsgVHZN7GpejBfPae6qH+a5jaTi9XXlk1C6sYmx4Sib26WkdWA==",
      "license": "MIT"
    }
  }
}
